
Microsoft Visual Studio Solution File, Format Version 12.00
# Visual Studio Version 16
VisualStudioVersion = 16.0.30114.105
MinimumVisualStudioVersion = 10.0.40219.1
Project("{F2A71F9B-5D33-465A-A702-920D77279786}") = "P0001", "src\P0001\P0001.fsproj", "{544897AE-4A91-4B32-B3DB-5F4E6C8A7C32}"
EndProject
Global
	GlobalSection(SolutionConfigurationPlatforms) = preSolution
		Debug|Any CPU = Debug|Any CPU
		Release|Any CPU = Release|Any CPU
	EndGlobalSection
	GlobalSection(SolutionProperties) = preSolution
		HideSolutionNode = FALSE
	EndGlobalSection
	GlobalSection(ProjectConfigurationPlatforms) = postSolution
		{544897AE-4A91-4B32-B3DB-5F4E6C8A7C32}.Debug|Any CPU.ActiveCfg = Debug|Any CPU
		{544897AE-4A91-4B32-B3DB-5F4E6C8A7C32}.Debug|Any CPU.Build.0 = Debug|Any CPU
		{544897AE-4A91-4B32-B3DB-5F4E6C8A7C32}.Release|Any CPU.ActiveCfg = Release|Any CPU
		{544897AE-4A91-4B32-B3DB-5F4E6C8A7C32}.Release|Any CPU.Build.0 = Release|Any CPU
	EndGlobalSection
EndGlobal
